// !$*UTF8*$!
{
	archiveVersion = 1;
	classes = {
	};
	objectVersion = 56;
	objects = {

/* Begin PBXBuildFile section */
		AD62C19F2A8966C0000C4FED /* View_Root.swift in Sources */ = {isa = PBXBuildFile; fileRef = AD62C19E2A8966C0000C4FED /* View_Root.swift */; };
		AD62C1A32A89690E000C4FED /* Enum_NavigationDestinations.swift in Sources */ = {isa = PBXBuildFile; fileRef = AD62C1A22A89690E000C4FED /* Enum_NavigationDestinations.swift */; };
		AD62C1A52A896B60000C4FED /* View_Tabbed.swift in Sources */ = {isa = PBXBuildFile; fileRef = AD62C1A42A896B60000C4FED /* View_Tabbed.swift */; };
		AD62C1A72A897210000C4FED /* Class_NavigationManager.swift in Sources */ = {isa = PBXBuildFile; fileRef = AD62C1A62A897210000C4FED /* Class_NavigationManager.swift */; };
		AD8DEDBD2A5BEB1E00D67167 /* PersistenceTestView.swift in Sources */ = {isa = PBXBuildFile; fileRef = AD8DEDBC2A5BEB1E00D67167 /* PersistenceTestView.swift */; };
		AD8DEDFA2A63DB1900D67167 /* Interface_Ownable.swift in Sources */ = {isa = PBXBuildFile; fileRef = AD8DEDF92A63DB1900D67167 /* Interface_Ownable.swift */; };
		AD8DEDFC2A63DB4E00D67167 /* Interface_Interactable.swift in Sources */ = {isa = PBXBuildFile; fileRef = AD8DEDFB2A63DB4E00D67167 /* Interface_Interactable.swift */; };
		AD8DEDFE2A63DB8100D67167 /* Interface_Shareable.swift in Sources */ = {isa = PBXBuildFile; fileRef = AD8DEDFD2A63DB8100D67167 /* Interface_Shareable.swift */; };
		AD8DEE032A6413C800D67167 /* Model_UserProfile.swift in Sources */ = {isa = PBXBuildFile; fileRef = AD8DEE022A6413C800D67167 /* Model_UserProfile.swift */; };
		AD8DEE062A641B8E00D67167 /* Constants_Genders.swift in Sources */ = {isa = PBXBuildFile; fileRef = AD8DEE052A641B8E00D67167 /* Constants_Genders.swift */; };
		AD8DEE092A641D4600D67167 /* FirebaseAuth in Frameworks */ = {isa = PBXBuildFile; productRef = AD8DEE082A641D4600D67167 /* FirebaseAuth */; };
		ADBE71502A3549D900BE345C /* KobbleBackendTestApp.swift in Sources */ = {isa = PBXBuildFile; fileRef = ADBE714F2A3549D900BE345C /* KobbleBackendTestApp.swift */; };
		ADBE71522A3549D900BE345C /* ContentView.swift in Sources */ = {isa = PBXBuildFile; fileRef = ADBE71512A3549D900BE345C /* ContentView.swift */; };
		ADBE71542A3549DA00BE345C /* Assets.xcassets in Resources */ = {isa = PBXBuildFile; fileRef = ADBE71532A3549DA00BE345C /* Assets.xcassets */; };
		ADBE71572A3549DA00BE345C /* Preview Assets.xcassets in Resources */ = {isa = PBXBuildFile; fileRef = ADBE71562A3549DA00BE345C /* Preview Assets.xcassets */; };
		ADBE71612A3549DA00BE345C /* KobbleBackendTestTests.swift in Sources */ = {isa = PBXBuildFile; fileRef = ADBE71602A3549DA00BE345C /* KobbleBackendTestTests.swift */; };
		ADBE716B2A3549DA00BE345C /* KobbleBackendTestUITests.swift in Sources */ = {isa = PBXBuildFile; fileRef = ADBE716A2A3549DA00BE345C /* KobbleBackendTestUITests.swift */; };
		ADBE716D2A3549DA00BE345C /* KobbleBackendTestUITestsLaunchTests.swift in Sources */ = {isa = PBXBuildFile; fileRef = ADBE716C2A3549DA00BE345C /* KobbleBackendTestUITestsLaunchTests.swift */; };
		ADBE717A2A3E944000BE345C /* GoogleService-Info.plist in Resources */ = {isa = PBXBuildFile; fileRef = ADBE71792A3E944000BE345C /* GoogleService-Info.plist */; };
		ADBE717D2A3E94C600BE345C /* FirebaseDatabase in Frameworks */ = {isa = PBXBuildFile; productRef = ADBE717C2A3E94C600BE345C /* FirebaseDatabase */; };
		ADBE717F2A3E94C600BE345C /* FirebaseDatabaseSwift in Frameworks */ = {isa = PBXBuildFile; productRef = ADBE717E2A3E94C600BE345C /* FirebaseDatabaseSwift */; };
		ADBE71812A3E94C600BE345C /* FirebaseFirestore in Frameworks */ = {isa = PBXBuildFile; productRef = ADBE71802A3E94C600BE345C /* FirebaseFirestore */; };
		ADBE71832A3E94C600BE345C /* FirebaseFirestoreCombine-Community in Frameworks */ = {isa = PBXBuildFile; productRef = ADBE71822A3E94C600BE345C /* FirebaseFirestoreCombine-Community */; };
		ADBE71852A3E94C600BE345C /* FirebaseFirestoreSwift in Frameworks */ = {isa = PBXBuildFile; productRef = ADBE71842A3E94C600BE345C /* FirebaseFirestoreSwift */; };
		ADBE71872A3E94C600BE345C /* FirebaseFunctions in Frameworks */ = {isa = PBXBuildFile; productRef = ADBE71862A3E94C600BE345C /* FirebaseFunctions */; };
		ADBE71892A3E94C600BE345C /* FirebaseFunctionsCombine-Community in Frameworks */ = {isa = PBXBuildFile; productRef = ADBE71882A3E94C600BE345C /* FirebaseFunctionsCombine-Community */; };
		ADBE718B2A41606500BE345C /* HomeView.swift in Sources */ = {isa = PBXBuildFile; fileRef = ADBE718A2A41606500BE345C /* HomeView.swift */; };
/* End PBXBuildFile section */

/* Begin PBXContainerItemProxy section */
		ADBE715D2A3549DA00BE345C /* PBXContainerItemProxy */ = {
			isa = PBXContainerItemProxy;
			containerPortal = ADBE71442A3549D900BE345C /* Project object */;
			proxyType = 1;
			remoteGlobalIDString = ADBE714B2A3549D900BE345C;
			remoteInfo = KobbleBackendTest;
		};
		ADBE71672A3549DA00BE345C /* PBXContainerItemProxy */ = {
			isa = PBXContainerItemProxy;
			containerPortal = ADBE71442A3549D900BE345C /* Project object */;
			proxyType = 1;
			remoteGlobalIDString = ADBE714B2A3549D900BE345C;
			remoteInfo = KobbleBackendTest;
		};
/* End PBXContainerItemProxy section */

/* Begin PBXFileReference section */
		AD62C19E2A8966C0000C4FED /* View_Root.swift */ = {isa = PBXFileReference; lastKnownFileType = sourcecode.swift; path = View_Root.swift; sourceTree = "<group>"; };
		AD62C1A22A89690E000C4FED /* Enum_NavigationDestinations.swift */ = {isa = PBXFileReference; lastKnownFileType = sourcecode.swift; path = Enum_NavigationDestinations.swift; sourceTree = "<group>"; };
		AD62C1A42A896B60000C4FED /* View_Tabbed.swift */ = {isa = PBXFileReference; lastKnownFileType = sourcecode.swift; path = View_Tabbed.swift; sourceTree = "<group>"; };
		AD62C1A62A897210000C4FED /* Class_NavigationManager.swift */ = {isa = PBXFileReference; lastKnownFileType = sourcecode.swift; path = Class_NavigationManager.swift; sourceTree = "<group>"; };
		AD8DEDBC2A5BEB1E00D67167 /* PersistenceTestView.swift */ = {isa = PBXFileReference; lastKnownFileType = sourcecode.swift; path = PersistenceTestView.swift; sourceTree = "<group>"; };
		AD8DEDF92A63DB1900D67167 /* Interface_Ownable.swift */ = {isa = PBXFileReference; lastKnownFileType = sourcecode.swift; path = Interface_Ownable.swift; sourceTree = "<group>"; };
		AD8DEDFB2A63DB4E00D67167 /* Interface_Interactable.swift */ = {isa = PBXFileReference; lastKnownFileType = sourcecode.swift; path = Interface_Interactable.swift; sourceTree = "<group>"; };
		AD8DEDFD2A63DB8100D67167 /* Interface_Shareable.swift */ = {isa = PBXFileReference; lastKnownFileType = sourcecode.swift; path = Interface_Shareable.swift; sourceTree = "<group>"; };
		AD8DEE022A6413C800D67167 /* Model_UserProfile.swift */ = {isa = PBXFileReference; lastKnownFileType = sourcecode.swift; path = Model_UserProfile.swift; sourceTree = "<group>"; };
		AD8DEE052A641B8E00D67167 /* Constants_Genders.swift */ = {isa = PBXFileReference; lastKnownFileType = sourcecode.swift; path = Constants_Genders.swift; sourceTree = "<group>"; };
		ADBE714C2A3549D900BE345C /* KobbleBackendTest.app */ = {isa = PBXFileReference; explicitFileType = wrapper.application; includeInIndex = 0; path = KobbleBackendTest.app; sourceTree = BUILT_PRODUCTS_DIR; };
		ADBE714F2A3549D900BE345C /* KobbleBackendTestApp.swift */ = {isa = PBXFileReference; lastKnownFileType = sourcecode.swift; path = KobbleBackendTestApp.swift; sourceTree = "<group>"; };
		ADBE71512A3549D900BE345C /* ContentView.swift */ = {isa = PBXFileReference; lastKnownFileType = sourcecode.swift; path = ContentView.swift; sourceTree = "<group>"; };
		ADBE71532A3549DA00BE345C /* Assets.xcassets */ = {isa = PBXFileReference; lastKnownFileType = folder.assetcatalog; path = Assets.xcassets; sourceTree = "<group>"; };
		ADBE71562A3549DA00BE345C /* Preview Assets.xcassets */ = {isa = PBXFileReference; lastKnownFileType = folder.assetcatalog; path = "Preview Assets.xcassets"; sourceTree = "<group>"; };
		ADBE715C2A3549DA00BE345C /* KobbleBackendTestTests.xctest */ = {isa = PBXFileReference; explicitFileType = wrapper.cfbundle; includeInIndex = 0; path = KobbleBackendTestTests.xctest; sourceTree = BUILT_PRODUCTS_DIR; };
		ADBE71602A3549DA00BE345C /* KobbleBackendTestTests.swift */ = {isa = PBXFileReference; lastKnownFileType = sourcecode.swift; path = KobbleBackendTestTests.swift; sourceTree = "<group>"; };
		ADBE71662A3549DA00BE345C /* KobbleBackendTestUITests.xctest */ = {isa = PBXFileReference; explicitFileType = wrapper.cfbundle; includeInIndex = 0; path = KobbleBackendTestUITests.xctest; sourceTree = BUILT_PRODUCTS_DIR; };
		ADBE716A2A3549DA00BE345C /* KobbleBackendTestUITests.swift */ = {isa = PBXFileReference; lastKnownFileType = sourcecode.swift; path = KobbleBackendTestUITests.swift; sourceTree = "<group>"; };
		ADBE716C2A3549DA00BE345C /* KobbleBackendTestUITestsLaunchTests.swift */ = {isa = PBXFileReference; lastKnownFileType = sourcecode.swift; path = KobbleBackendTestUITestsLaunchTests.swift; sourceTree = "<group>"; };
		ADBE71792A3E944000BE345C /* GoogleService-Info.plist */ = {isa = PBXFileReference; fileEncoding = 4; lastKnownFileType = text.plist.xml; path = "GoogleService-Info.plist"; sourceTree = "<group>"; };
		ADBE718A2A41606500BE345C /* HomeView.swift */ = {isa = PBXFileReference; lastKnownFileType = sourcecode.swift; path = HomeView.swift; sourceTree = "<group>"; };
/* End PBXFileReference section */

/* Begin PBXFrameworksBuildPhase section */
		ADBE71492A3549D900BE345C /* Frameworks */ = {
			isa = PBXFrameworksBuildPhase;
			buildActionMask = 2147483647;
			files = (
				ADBE71892A3E94C600BE345C /* FirebaseFunctionsCombine-Community in Frameworks */,
				ADBE71852A3E94C600BE345C /* FirebaseFirestoreSwift in Frameworks */,
				ADBE717F2A3E94C600BE345C /* FirebaseDatabaseSwift in Frameworks */,
				ADBE71832A3E94C600BE345C /* FirebaseFirestoreCombine-Community in Frameworks */,
				ADBE71872A3E94C600BE345C /* FirebaseFunctions in Frameworks */,
				ADBE717D2A3E94C600BE345C /* FirebaseDatabase in Frameworks */,
				ADBE71812A3E94C600BE345C /* FirebaseFirestore in Frameworks */,
				AD8DEE092A641D4600D67167 /* FirebaseAuth in Frameworks */,
			);
			runOnlyForDeploymentPostprocessing = 0;
		};
		ADBE71592A3549DA00BE345C /* Frameworks */ = {
			isa = PBXFrameworksBuildPhase;
			buildActionMask = 2147483647;
			files = (
			);
			runOnlyForDeploymentPostprocessing = 0;
		};
		ADBE71632A3549DA00BE345C /* Frameworks */ = {
			isa = PBXFrameworksBuildPhase;
			buildActionMask = 2147483647;
			files = (
			);
			runOnlyForDeploymentPostprocessing = 0;
		};
/* End PBXFrameworksBuildPhase section */

/* Begin PBXGroup section */
		AD62C19D2A8966B1000C4FED /* Root */ = {
			isa = PBXGroup;
			children = (
				AD62C19E2A8966C0000C4FED /* View_Root.swift */,
			);
			path = Root;
			sourceTree = "<group>";
		};
		AD62C1A02A8966E4000C4FED /* Views */ = {
			isa = PBXGroup;
			children = (
				AD62C1A12A896715000C4FED /* Navigation */,
				AD62C19D2A8966B1000C4FED /* Root */,
			);
			path = Views;
			sourceTree = "<group>";
		};
		AD62C1A12A896715000C4FED /* Navigation */ = {
			isa = PBXGroup;
			children = (
				AD62C1A22A89690E000C4FED /* Enum_NavigationDestinations.swift */,
				AD62C1A42A896B60000C4FED /* View_Tabbed.swift */,
				AD62C1A62A897210000C4FED /* Class_NavigationManager.swift */,
			);
			path = Navigation;
			sourceTree = "<group>";
		};
		AD62C1A92A897D09000C4FED /* User */ = {
			isa = PBXGroup;
			children = (
				AD8DEE022A6413C800D67167 /* Model_UserProfile.swift */,
			);
			path = User;
			sourceTree = "<group>";
		};
		AD62C1AA2A897E57000C4FED /* SignUp */ = {
			isa = PBXGroup;
			children = (
			);
			path = SignUp;
			sourceTree = "<group>";
		};
		AD8DEDBA2A52529900D67167 /* Old_Stuff */ = {
			isa = PBXGroup;
			children = (
				ADBE71512A3549D900BE345C /* ContentView.swift */,
				ADBE718A2A41606500BE345C /* HomeView.swift */,
			);
			path = Old_Stuff;
			sourceTree = "<group>";
		};
		AD8DEDBB2A5BEB0A00D67167 /* PersistenceTest */ = {
			isa = PBXGroup;
			children = (
				AD8DEDBC2A5BEB1E00D67167 /* PersistenceTestView.swift */,
			);
			path = PersistenceTest;
			sourceTree = "<group>";
		};
		AD8DEDF72A63D05100D67167 /* Core */ = {
			isa = PBXGroup;
			children = (
				AD8DEE012A6413A500D67167 /* Models */,
				AD62C1A02A8966E4000C4FED /* Views */,
				AD8DEE042A641B6000D67167 /* Constants */,
				AD8DEDF82A63DA1C00D67167 /* Interfaces */,
			);
			path = Core;
			sourceTree = "<group>";
		};
		AD8DEDF82A63DA1C00D67167 /* Interfaces */ = {
			isa = PBXGroup;
			children = (
				AD8DEDF92A63DB1900D67167 /* Interface_Ownable.swift */,
				AD8DEDFB2A63DB4E00D67167 /* Interface_Interactable.swift */,
				AD8DEDFD2A63DB8100D67167 /* Interface_Shareable.swift */,
			);
			path = Interfaces;
			sourceTree = "<group>";
		};
		AD8DEDFF2A64139100D67167 /* Features */ = {
			isa = PBXGroup;
			children = (
				AD62C1AA2A897E57000C4FED /* SignUp */,
			);
			path = Features;
			sourceTree = "<group>";
		};
		AD8DEE012A6413A500D67167 /* Models */ = {
			isa = PBXGroup;
			children = (
				AD62C1A92A897D09000C4FED /* User */,
			);
			path = Models;
			sourceTree = "<group>";
		};
		AD8DEE042A641B6000D67167 /* Constants */ = {
			isa = PBXGroup;
			children = (
				AD8DEE052A641B8E00D67167 /* Constants_Genders.swift */,
			);
			path = Constants;
			sourceTree = "<group>";
		};
		AD8DEE072A641D4600D67167 /* Frameworks */ = {
			isa = PBXGroup;
			children = (
			);
			name = Frameworks;
			sourceTree = "<group>";
		};
		ADBE71432A3549D900BE345C = {
			isa = PBXGroup;
			children = (
				ADBE714E2A3549D900BE345C /* KobbleBackendTest */,
				ADBE715F2A3549DA00BE345C /* KobbleBackendTestTests */,
				ADBE71692A3549DA00BE345C /* KobbleBackendTestUITests */,
				ADBE714D2A3549D900BE345C /* Products */,
				AD8DEE072A641D4600D67167 /* Frameworks */,
			);
			sourceTree = "<group>";
		};
		ADBE714D2A3549D900BE345C /* Products */ = {
			isa = PBXGroup;
			children = (
				ADBE714C2A3549D900BE345C /* KobbleBackendTest.app */,
				ADBE715C2A3549DA00BE345C /* KobbleBackendTestTests.xctest */,
				ADBE71662A3549DA00BE345C /* KobbleBackendTestUITests.xctest */,
			);
			name = Products;
			sourceTree = "<group>";
		};
		ADBE714E2A3549D900BE345C /* KobbleBackendTest */ = {
			isa = PBXGroup;
			children = (
				AD8DEDFF2A64139100D67167 /* Features */,
				AD8DEDF72A63D05100D67167 /* Core */,
				AD8DEDBB2A5BEB0A00D67167 /* PersistenceTest */,
				AD8DEDBA2A52529900D67167 /* Old_Stuff */,
				ADBE71792A3E944000BE345C /* GoogleService-Info.plist */,
				ADBE714F2A3549D900BE345C /* KobbleBackendTestApp.swift */,
				ADBE71532A3549DA00BE345C /* Assets.xcassets */,
				ADBE71552A3549DA00BE345C /* Preview Content */,
			);
			path = KobbleBackendTest;
			sourceTree = "<group>";
		};
		ADBE71552A3549DA00BE345C /* Preview Content */ = {
			isa = PBXGroup;
			children = (
				ADBE71562A3549DA00BE345C /* Preview Assets.xcassets */,
			);
			path = "Preview Content";
			sourceTree = "<group>";
		};
		ADBE715F2A3549DA00BE345C /* KobbleBackendTestTests */ = {
			isa = PBXGroup;
			children = (
				ADBE71602A3549DA00BE345C /* KobbleBackendTestTests.swift */,
			);
			path = KobbleBackendTestTests;
			sourceTree = "<group>";
		};
		ADBE71692A3549DA00BE345C /* KobbleBackendTestUITests */ = {
			isa = PBXGroup;
			children = (
				ADBE716A2A3549DA00BE345C /* KobbleBackendTestUITests.swift */,
				ADBE716C2A3549DA00BE345C /* KobbleBackendTestUITestsLaunchTests.swift */,
			);
			path = KobbleBackendTestUITests;
			sourceTree = "<group>";
		};
/* End PBXGroup section */

/* Begin PBXNativeTarget section */
		ADBE714B2A3549D900BE345C /* KobbleBackendTest */ = {
			isa = PBXNativeTarget;
			buildConfigurationList = ADBE71702A3549DA00BE345C /* Build configuration list for PBXNativeTarget "KobbleBackendTest" */;
			buildPhases = (
				ADBE71482A3549D900BE345C /* Sources */,
				ADBE71492A3549D900BE345C /* Frameworks */,
				ADBE714A2A3549D900BE345C /* Resources */,
			);
			buildRules = (
			);
			dependencies = (
			);
			name = KobbleBackendTest;
			packageProductDependencies = (
				ADBE717C2A3E94C600BE345C /* FirebaseDatabase */,
				ADBE717E2A3E94C600BE345C /* FirebaseDatabaseSwift */,
				ADBE71802A3E94C600BE345C /* FirebaseFirestore */,
				ADBE71822A3E94C600BE345C /* FirebaseFirestoreCombine-Community */,
				ADBE71842A3E94C600BE345C /* FirebaseFirestoreSwift */,
				ADBE71862A3E94C600BE345C /* FirebaseFunctions */,
				ADBE71882A3E94C600BE345C /* FirebaseFunctionsCombine-Community */,
				AD8DEE082A641D4600D67167 /* FirebaseAuth */,
			);
			productName = KobbleBackendTest;
			productReference = ADBE714C2A3549D900BE345C /* KobbleBackendTest.app */;
			productType = "com.apple.product-type.application";
		};
		ADBE715B2A3549DA00BE345C /* KobbleBackendTestTests */ = {
			isa = PBXNativeTarget;
			buildConfigurationList = ADBE71732A3549DA00BE345C /* Build configuration list for PBXNativeTarget "KobbleBackendTestTests" */;
			buildPhases = (
				ADBE71582A3549DA00BE345C /* Sources */,
				ADBE71592A3549DA00BE345C /* Frameworks */,
				ADBE715A2A3549DA00BE345C /* Resources */,
			);
			buildRules = (
			);
			dependencies = (
				ADBE715E2A3549DA00BE345C /* PBXTargetDependency */,
			);
			name = KobbleBackendTestTests;
			productName = KobbleBackendTestTests;
			productReference = ADBE715C2A3549DA00BE345C /* KobbleBackendTestTests.xctest */;
			productType = "com.apple.product-type.bundle.unit-test";
		};
		ADBE71652A3549DA00BE345C /* KobbleBackendTestUITests */ = {
			isa = PBXNativeTarget;
			buildConfigurationList = ADBE71762A3549DA00BE345C /* Build configuration list for PBXNativeTarget "KobbleBackendTestUITests" */;
			buildPhases = (
				ADBE71622A3549DA00BE345C /* Sources */,
				ADBE71632A3549DA00BE345C /* Frameworks */,
				ADBE71642A3549DA00BE345C /* Resources */,
			);
			buildRules = (
			);
			dependencies = (
				ADBE71682A3549DA00BE345C /* PBXTargetDependency */,
			);
			name = KobbleBackendTestUITests;
			productName = KobbleBackendTestUITests;
			productReference = ADBE71662A3549DA00BE345C /* KobbleBackendTestUITests.xctest */;
			productType = "com.apple.product-type.bundle.ui-testing";
		};
/* End PBXNativeTarget section */

/* Begin PBXProject section */
		ADBE71442A3549D900BE345C /* Project object */ = {
			isa = PBXProject;
			attributes = {
				BuildIndependentTargetsInParallel = 1;
				LastSwiftUpdateCheck = 1430;
				LastUpgradeCheck = 1430;
				TargetAttributes = {
					ADBE714B2A3549D900BE345C = {
						CreatedOnToolsVersion = 14.3;
					};
					ADBE715B2A3549DA00BE345C = {
						CreatedOnToolsVersion = 14.3;
						TestTargetID = ADBE714B2A3549D900BE345C;
					};
					ADBE71652A3549DA00BE345C = {
						CreatedOnToolsVersion = 14.3;
						TestTargetID = ADBE714B2A3549D900BE345C;
					};
				};
			};
			buildConfigurationList = ADBE71472A3549D900BE345C /* Build configuration list for PBXProject "KobbleBackendTest" */;
			compatibilityVersion = "Xcode 14.0";
			developmentRegion = en;
			hasScannedForEncodings = 0;
			knownRegions = (
				en,
				Base,
			);
			mainGroup = ADBE71432A3549D900BE345C;
			packageReferences = (
				ADBE717B2A3E94C600BE345C /* XCRemoteSwiftPackageReference "firebase-ios-sdk" */,
			);
			productRefGroup = ADBE714D2A3549D900BE345C /* Products */;
			projectDirPath = "";
			projectRoot = "";
			targets = (
				ADBE714B2A3549D900BE345C /* KobbleBackendTest */,
				ADBE715B2A3549DA00BE345C /* KobbleBackendTestTests */,
				ADBE71652A3549DA00BE345C /* KobbleBackendTestUITests */,
			);
		};
/* End PBXProject section */

/* Begin PBXResourcesBuildPhase section */
		ADBE714A2A3549D900BE345C /* Resources */ = {
			isa = PBXResourcesBuildPhase;
			buildActionMask = 2147483647;
			files = (
				ADBE71572A3549DA00BE345C /* Preview Assets.xcassets in Resources */,
				ADBE71542A3549DA00BE345C /* Assets.xcassets in Resources */,
				ADBE717A2A3E944000BE345C /* GoogleService-Info.plist in Resources */,
			);
			runOnlyForDeploymentPostprocessing = 0;
		};
		ADBE715A2A3549DA00BE345C /* Resources */ = {
			isa = PBXResourcesBuildPhase;
			buildActionMask = 2147483647;
			files = (
			);
			runOnlyForDeploymentPostprocessing = 0;
		};
		ADBE71642A3549DA00BE345C /* Resources */ = {
			isa = PBXResourcesBuildPhase;
			buildActionMask = 2147483647;
			files = (
			);
			runOnlyForDeploymentPostprocessing = 0;
		};
/* End PBXResourcesBuildPhase section */

/* Begin PBXSourcesBuildPhase section */
		ADBE71482A3549D900BE345C /* Sources */ = {
			isa = PBXSourcesBuildPhase;
			buildActionMask = 2147483647;
			files = (
				AD8DEDBD2A5BEB1E00D67167 /* PersistenceTestView.swift in Sources */,
				ADBE718B2A41606500BE345C /* HomeView.swift in Sources */,
				AD8DEE032A6413C800D67167 /* Model_UserProfile.swift in Sources */,
				AD8DEDFE2A63DB8100D67167 /* Interface_Shareable.swift in Sources */,
				AD62C1A52A896B60000C4FED /* View_Tabbed.swift in Sources */,
				AD62C19F2A8966C0000C4FED /* View_Root.swift in Sources */,
				AD62C1A72A897210000C4FED /* Class_NavigationManager.swift in Sources */,
				ADBE71522A3549D900BE345C /* ContentView.swift in Sources */,
				AD8DEDFC2A63DB4E00D67167 /* Interface_Interactable.swift in Sources */,
				AD62C1A32A89690E000C4FED /* Enum_NavigationDestinations.swift in Sources */,
				AD8DEDFA2A63DB1900D67167 /* Interface_Ownable.swift in Sources */,
				AD8DEE062A641B8E00D67167 /* Constants_Genders.swift in Sources */,
				ADBE71502A3549D900BE345C /* KobbleBackendTestApp.swift in Sources */,
			);
			runOnlyForDeploymentPostprocessing = 0;
		};
		ADBE71582A3549DA00BE345C /* Sources */ = {
			isa = PBXSourcesBuildPhase;
			buildActionMask = 2147483647;
			files = (
				ADBE71612A3549DA00BE345C /* KobbleBackendTestTests.swift in Sources */,
			);
			runOnlyForDeploymentPostprocessing = 0;
		};
		ADBE71622A3549DA00BE345C /* Sources */ = {
			isa = PBXSourcesBuildPhase;
			buildActionMask = 2147483647;
			files = (
				ADBE716D2A3549DA00BE345C /* KobbleBackendTestUITestsLaunchTests.swift in Sources */,
				ADBE716B2A3549DA00BE345C /* KobbleBackendTestUITests.swift in Sources */,
			);
			runOnlyForDeploymentPostprocessing = 0;
		};
/* End PBXSourcesBuildPhase section */

/* Begin PBXTargetDependency section */
		ADBE715E2A3549DA00BE345C /* PBXTargetDependency */ = {
			isa = PBXTargetDependency;
			target = ADBE714B2A3549D900BE345C /* KobbleBackendTest */;
			targetProxy = ADBE715D2A3549DA00BE345C /* PBXContainerItemProxy */;
		};
		ADBE71682A3549DA00BE345C /* PBXTargetDependency */ = {
			isa = PBXTargetDependency;
			target = ADBE714B2A3549D900BE345C /* KobbleBackendTest */;
			targetProxy = ADBE71672A3549DA00BE345C /* PBXContainerItemProxy */;
		};
/* End PBXTargetDependency section */

/* Begin XCBuildConfiguration section */
		ADBE716E2A3549DA00BE345C /* Debug */ = {
			isa = XCBuildConfiguration;
			buildSettings = {
				ALWAYS_SEARCH_USER_PATHS = NO;
				CLANG_ANALYZER_NONNULL = YES;
				CLANG_ANALYZER_NUMBER_OBJECT_CONVERSION = YES_AGGRESSIVE;
				CLANG_CXX_LANGUAGE_STANDARD = "gnu++20";
				CLANG_ENABLE_MODULES = YES;
				CLANG_ENABLE_OBJC_ARC = YES;
				CLANG_ENABLE_OBJC_WEAK = YES;
				CLANG_WARN_BLOCK_CAPTURE_AUTORELEASING = YES;
				CLANG_WARN_BOOL_CONVERSION = YES;
				CLANG_WARN_COMMA = YES;
				CLANG_WARN_CONSTANT_CONVERSION = YES;
				CLANG_WARN_DEPRECATED_OBJC_IMPLEMENTATIONS = YES;
				CLANG_WARN_DIRECT_OBJC_ISA_USAGE = YES_ERROR;
				CLANG_WARN_DOCUMENTATION_COMMENTS = YES;
				CLANG_WARN_EMPTY_BODY = YES;
				CLANG_WARN_ENUM_CONVERSION = YES;
				CLANG_WARN_INFINITE_RECURSION = YES;
				CLANG_WARN_INT_CONVERSION = YES;
				CLANG_WARN_NON_LITERAL_NULL_CONVERSION = YES;
				CLANG_WARN_OBJC_IMPLICIT_RETAIN_SELF = YES;
				CLANG_WARN_OBJC_LITERAL_CONVERSION = YES;
				CLANG_WARN_OBJC_ROOT_CLASS = YES_ERROR;
				CLANG_WARN_QUOTED_INCLUDE_IN_FRAMEWORK_HEADER = YES;
				CLANG_WARN_RANGE_LOOP_ANALYSIS = YES;
				CLANG_WARN_STRICT_PROTOTYPES = YES;
				CLANG_WARN_SUSPICIOUS_MOVE = YES;
				CLANG_WARN_UNGUARDED_AVAILABILITY = YES_AGGRESSIVE;
				CLANG_WARN_UNREACHABLE_CODE = YES;
				CLANG_WARN__DUPLICATE_METHOD_MATCH = YES;
				COPY_PHASE_STRIP = NO;
				DEBUG_INFORMATION_FORMAT = dwarf;
				ENABLE_STRICT_OBJC_MSGSEND = YES;
				ENABLE_TESTABILITY = YES;
				GCC_C_LANGUAGE_STANDARD = gnu11;
				GCC_DYNAMIC_NO_PIC = NO;
				GCC_NO_COMMON_BLOCKS = YES;
				GCC_OPTIMIZATION_LEVEL = 0;
				GCC_PREPROCESSOR_DEFINITIONS = (
					"DEBUG=1",
					"$(inherited)",
				);
				GCC_WARN_64_TO_32_BIT_CONVERSION = YES;
				GCC_WARN_ABOUT_RETURN_TYPE = YES_ERROR;
				GCC_WARN_UNDECLARED_SELECTOR = YES;
				GCC_WARN_UNINITIALIZED_AUTOS = YES_AGGRESSIVE;
				GCC_WARN_UNUSED_FUNCTION = YES;
				GCC_WARN_UNUSED_VARIABLE = YES;
				IPHONEOS_DEPLOYMENT_TARGET = 16.4;
				MTL_ENABLE_DEBUG_INFO = INCLUDE_SOURCE;
				MTL_FAST_MATH = YES;
				ONLY_ACTIVE_ARCH = YES;
				SDKROOT = iphoneos;
				SWIFT_ACTIVE_COMPILATION_CONDITIONS = DEBUG;
				SWIFT_OPTIMIZATION_LEVEL = "-Onone";
			};
			name = Debug;
		};
		ADBE716F2A3549DA00BE345C /* Release */ = {
			isa = XCBuildConfiguration;
			buildSettings = {
				ALWAYS_SEARCH_USER_PATHS = NO;
				CLANG_ANALYZER_NONNULL = YES;
				CLANG_ANALYZER_NUMBER_OBJECT_CONVERSION = YES_AGGRESSIVE;
				CLANG_CXX_LANGUAGE_STANDARD = "gnu++20";
				CLANG_ENABLE_MODULES = YES;
				CLANG_ENABLE_OBJC_ARC = YES;
				CLANG_ENABLE_OBJC_WEAK = YES;
				CLANG_WARN_BLOCK_CAPTURE_AUTORELEASING = YES;
				CLANG_WARN_BOOL_CONVERSION = YES;
				CLANG_WARN_COMMA = YES;
				CLANG_WARN_CONSTANT_CONVERSION = YES;
				CLANG_WARN_DEPRECATED_OBJC_IMPLEMENTATIONS = YES;
				CLANG_WARN_DIRECT_OBJC_ISA_USAGE = YES_ERROR;
				CLANG_WARN_DOCUMENTATION_COMMENTS = YES;
				CLANG_WARN_EMPTY_BODY = YES;
				CLANG_WARN_ENUM_CONVERSION = YES;
				CLANG_WARN_INFINITE_RECURSION = YES;
				CLANG_WARN_INT_CONVERSION = YES;
				CLANG_WARN_NON_LITERAL_NULL_CONVERSION = YES;
				CLANG_WARN_OBJC_IMPLICIT_RETAIN_SELF = YES;
				CLANG_WARN_OBJC_LITERAL_CONVERSION = YES;
				CLANG_WARN_OBJC_ROOT_CLASS = YES_ERROR;
				CLANG_WARN_QUOTED_INCLUDE_IN_FRAMEWORK_HEADER = YES;
				CLANG_WARN_RANGE_LOOP_ANALYSIS = YES;
				CLANG_WARN_STRICT_PROTOTYPES = YES;
				CLANG_WARN_SUSPICIOUS_MOVE = YES;
				CLANG_WARN_UNGUARDED_AVAILABILITY = YES_AGGRESSIVE;
				CLANG_WARN_UNREACHABLE_CODE = YES;
				CLANG_WARN__DUPLICATE_METHOD_MATCH = YES;
				COPY_PHASE_STRIP = NO;
				DEBUG_INFORMATION_FORMAT = "dwarf-with-dsym";
				ENABLE_NS_ASSERTIONS = NO;
				ENABLE_STRICT_OBJC_MSGSEND = YES;
				GCC_C_LANGUAGE_STANDARD = gnu11;
				GCC_NO_COMMON_BLOCKS = YES;
				GCC_WARN_64_TO_32_BIT_CONVERSION = YES;
				GCC_WARN_ABOUT_RETURN_TYPE = YES_ERROR;
				GCC_WARN_UNDECLARED_SELECTOR = YES;
				GCC_WARN_UNINITIALIZED_AUTOS = YES_AGGRESSIVE;
				GCC_WARN_UNUSED_FUNCTION = YES;
				GCC_WARN_UNUSED_VARIABLE = YES;
				IPHONEOS_DEPLOYMENT_TARGET = 16.4;
				MTL_ENABLE_DEBUG_INFO = NO;
				MTL_FAST_MATH = YES;
				SDKROOT = iphoneos;
				SWIFT_COMPILATION_MODE = wholemodule;
				SWIFT_OPTIMIZATION_LEVEL = "-O";
				VALIDATE_PRODUCT = YES;
			};
			name = Release;
		};
		ADBE71712A3549DA00BE345C /* Debug */ = {
			isa = XCBuildConfiguration;
			buildSettings = {
				ASSETCATALOG_COMPILER_APPICON_NAME = AppIcon;
				ASSETCATALOG_COMPILER_GLOBAL_ACCENT_COLOR_NAME = AccentColor;
				CODE_SIGN_STYLE = Automatic;
				CURRENT_PROJECT_VERSION = 1;
				DEVELOPMENT_ASSET_PATHS = "\"KobbleBackendTest/Preview Content\"";
				DEVELOPMENT_TEAM = X2UG33R9UW;
				ENABLE_PREVIEWS = YES;
				GENERATE_INFOPLIST_FILE = YES;
				INFOPLIST_KEY_UIApplicationSceneManifest_Generation = YES;
				INFOPLIST_KEY_UIApplicationSupportsIndirectInputEvents = YES;
				INFOPLIST_KEY_UILaunchScreen_Generation = YES;
				INFOPLIST_KEY_UISupportedInterfaceOrientations_iPad = "UIInterfaceOrientationPortrait UIInterfaceOrientationPortraitUpsideDown UIInterfaceOrientationLandscapeLeft UIInterfaceOrientationLandscapeRight";
				INFOPLIST_KEY_UISupportedInterfaceOrientations_iPhone = "UIInterfaceOrientationPortrait UIInterfaceOrientationLandscapeLeft UIInterfaceOrientationLandscapeRight";
				LD_RUNPATH_SEARCH_PATHS = (
					"$(inherited)",
					"@executable_path/Frameworks",
				);
				MARKETING_VERSION = 1.0;
				PRODUCT_BUNDLE_IDENTIFIER = com.abhnv.Kobble.KobbleBackendTest;
				PRODUCT_NAME = "$(TARGET_NAME)";
				SWIFT_EMIT_LOC_STRINGS = YES;
				SWIFT_VERSION = 5.0;
				TARGETED_DEVICE_FAMILY = "1,2";
			};
			name = Debug;
		};
		ADBE71722A3549DA00BE345C /* Release */ = {
			isa = XCBuildConfiguration;
			buildSettings = {
				ASSETCATALOG_COMPILER_APPICON_NAME = AppIcon;
				ASSETCATALOG_COMPILER_GLOBAL_ACCENT_COLOR_NAME = AccentColor;
				CODE_SIGN_STYLE = Automatic;
				CURRENT_PROJECT_VERSION = 1;
				DEVELOPMENT_ASSET_PATHS = "\"KobbleBackendTest/Preview Content\"";
				DEVELOPMENT_TEAM = X2UG33R9UW;
				ENABLE_PREVIEWS = YES;
				GENERATE_INFOPLIST_FILE = YES;
				INFOPLIST_KEY_UIApplicationSceneManifest_Generation = YES;
				INFOPLIST_KEY_UIApplicationSupportsIndirectInputEvents = YES;
				INFOPLIST_KEY_UILaunchScreen_Generation = YES;
				INFOPLIST_KEY_UISupportedInterfaceOrientations_iPad = "UIInterfaceOrientationPortrait UIInterfaceOrientationPortraitUpsideDown UIInterfaceOrientationLandscapeLeft UIInterfaceOrientationLandscapeRight";
				INFOPLIST_KEY_UISupportedInterfaceOrientations_iPhone = "UIInterfaceOrientationPortrait UIInterfaceOrientationLandscapeLeft UIInterfaceOrientationLandscapeRight";
				LD_RUNPATH_SEARCH_PATHS = (
					"$(inherited)",
					"@executable_path/Frameworks",
				);
				MARKETING_VERSION = 1.0;
				PRODUCT_BUNDLE_IDENTIFIER = com.abhnv.Kobble.KobbleBackendTest;
				PRODUCT_NAME = "$(TARGET_NAME)";
				SWIFT_EMIT_LOC_STRINGS = YES;
				SWIFT_VERSION = 5.0;
				TARGETED_DEVICE_FAMILY = "1,2";
			};
			name = Release;
		};
		ADBE71742A3549DA00BE345C /* Debug */ = {
			isa = XCBuildConfiguration;
			buildSettings = {
				ALWAYS_EMBED_SWIFT_STANDARD_LIBRARIES = YES;
				BUNDLE_LOADER = "$(TEST_HOST)";
				CODE_SIGN_STYLE = Automatic;
				CURRENT_PROJECT_VERSION = 1;
				DEVELOPMENT_TEAM = X2UG33R9UW;
				GENERATE_INFOPLIST_FILE = YES;
				IPHONEOS_DEPLOYMENT_TARGET = 16.4;
				MARKETING_VERSION = 1.0;
				PRODUCT_BUNDLE_IDENTIFIER = com.abhnv.Kobble.KobbleBackendTestTests;
				PRODUCT_NAME = "$(TARGET_NAME)";
				SWIFT_EMIT_LOC_STRINGS = NO;
				SWIFT_VERSION = 5.0;
				TARGETED_DEVICE_FAMILY = "1,2";
				TEST_HOST = "$(BUILT_PRODUCTS_DIR)/KobbleBackendTest.app/$(BUNDLE_EXECUTABLE_FOLDER_PATH)/KobbleBackendTest";
			};
			name = Debug;
		};
		ADBE71752A3549DA00BE345C /* Release */ = {
			isa = XCBuildConfiguration;
			buildSettings = {
				ALWAYS_EMBED_SWIFT_STANDARD_LIBRARIES = YES;
				BUNDLE_LOADER = "$(TEST_HOST)";
				CODE_SIGN_STYLE = Automatic;
				CURRENT_PROJECT_VERSION = 1;
				DEVELOPMENT_TEAM = X2UG33R9UW;
				GENERATE_INFOPLIST_FILE = YES;
				IPHONEOS_DEPLOYMENT_TARGET = 16.4;
				MARKETING_VERSION = 1.0;
				PRODUCT_BUNDLE_IDENTIFIER = com.abhnv.Kobble.KobbleBackendTestTests;
				PRODUCT_NAME = "$(TARGET_NAME)";
				SWIFT_EMIT_LOC_STRINGS = NO;
				SWIFT_VERSION = 5.0;
				TARGETED_DEVICE_FAMILY = "1,2";
				TEST_HOST = "$(BUILT_PRODUCTS_DIR)/KobbleBackendTest.app/$(BUNDLE_EXECUTABLE_FOLDER_PATH)/KobbleBackendTest";
			};
			name = Release;
		};
		ADBE71772A3549DA00BE345C /* Debug */ = {
			isa = XCBuildConfiguration;
			buildSettings = {
				ALWAYS_EMBED_SWIFT_STANDARD_LIBRARIES = YES;
				CODE_SIGN_STYLE = Automatic;
				CURRENT_PROJECT_VERSION = 1;
				DEVELOPMENT_TEAM = X2UG33R9UW;
				GENERATE_INFOPLIST_FILE = YES;
				MARKETING_VERSION = 1.0;
				PRODUCT_BUNDLE_IDENTIFIER = com.abhnv.Kobble.KobbleBackendTestUITests;
				PRODUCT_NAME = "$(TARGET_NAME)";
				SWIFT_EMIT_LOC_STRINGS = NO;
				SWIFT_VERSION = 5.0;
				TARGETED_DEVICE_FAMILY = "1,2";
				TEST_TARGET_NAME = KobbleBackendTest;
			};
			name = Debug;
		};
		ADBE71782A3549DA00BE345C /* Release */ = {
			isa = XCBuildConfiguration;
			buildSettings = {
				ALWAYS_EMBED_SWIFT_STANDARD_LIBRARIES = YES;
				CODE_SIGN_STYLE = Automatic;
				CURRENT_PROJECT_VERSION = 1;
				DEVELOPMENT_TEAM = X2UG33R9UW;
				GENERATE_INFOPLIST_FILE = YES;
				MARKETING_VERSION = 1.0;
				PRODUCT_BUNDLE_IDENTIFIER = com.abhnv.Kobble.KobbleBackendTestUITests;
				PRODUCT_NAME = "$(TARGET_NAME)";
				SWIFT_EMIT_LOC_STRINGS = NO;
				SWIFT_VERSION = 5.0;
				TARGETED_DEVICE_FAMILY = "1,2";
				TEST_TARGET_NAME = KobbleBackendTest;
			};
			name = Release;
		};
/* End XCBuildConfiguration section */

/* Begin XCConfigurationList section */
		ADBE71472A3549D900BE345C /* Build configuration list for PBXProject "KobbleBackendTest" */ = {
			isa = XCConfigurationList;
			buildConfigurations = (
				ADBE716E2A3549DA00BE345C /* Debug */,
				ADBE716F2A3549DA00BE345C /* Release */,
			);
			defaultConfigurationIsVisible = 0;
			defaultConfigurationName = Release;
		};
		ADBE71702A3549DA00BE345C /* Build configuration list for PBXNativeTarget "KobbleBackendTest" */ = {
			isa = XCConfigurationList;
			buildConfigurations = (
				ADBE71712A3549DA00BE345C /* Debug */,
				ADBE71722A3549DA00BE345C /* Release */,
			);
			defaultConfigurationIsVisible = 0;
			defaultConfigurationName = Release;
		};
		ADBE71732A3549DA00BE345C /* Build configuration list for PBXNativeTarget "KobbleBackendTestTests" */ = {
			isa = XCConfigurationList;
			buildConfigurations = (
				ADBE71742A3549DA00BE345C /* Debug */,
				ADBE71752A3549DA00BE345C /* Release */,
			);
			defaultConfigurationIsVisible = 0;
			defaultConfigurationName = Release;
		};
		ADBE71762A3549DA00BE345C /* Build configuration list for PBXNativeTarget "KobbleBackendTestUITests" */ = {
			isa = XCConfigurationList;
			buildConfigurations = (
				ADBE71772A3549DA00BE345C /* Debug */,
				ADBE71782A3549DA00BE345C /* Release */,
			);
			defaultConfigurationIsVisible = 0;
			defaultConfigurationName = Release;
		};
/* End XCConfigurationList section */

/* Begin XCRemoteSwiftPackageReference section */
		ADBE717B2A3E94C600BE345C /* XCRemoteSwiftPackageReference "firebase-ios-sdk" */ = {
			isa = XCRemoteSwiftPackageReference;
			repositoryURL = "https://github.com/firebase/firebase-ios-sdk";
			requirement = {
				kind = upToNextMajorVersion;
				minimumVersion = 10.0.0;
			};
		};
/* End XCRemoteSwiftPackageReference section */

/* Begin XCSwiftPackageProductDependency section */
		AD8DEE082A641D4600D67167 /* FirebaseAuth */ = {
			isa = XCSwiftPackageProductDependency;
			package = ADBE717B2A3E94C600BE345C /* XCRemoteSwiftPackageReference "firebase-ios-sdk" */;
			productName = FirebaseAuth;
		};
		ADBE717C2A3E94C600BE345C /* FirebaseDatabase */ = {
			isa = XCSwiftPackageProductDependency;
			package = ADBE717B2A3E94C600BE345C /* XCRemoteSwiftPackageReference "firebase-ios-sdk" */;
			productName = FirebaseDatabase;
		};
		ADBE717E2A3E94C600BE345C /* FirebaseDatabaseSwift */ = {
			isa = XCSwiftPackageProductDependency;
			package = ADBE717B2A3E94C600BE345C /* XCRemoteSwiftPackageReference "firebase-ios-sdk" */;
			productName = FirebaseDatabaseSwift;
		};
		ADBE71802A3E94C600BE345C /* FirebaseFirestore */ = {
			isa = XCSwiftPackageProductDependency;
			package = ADBE717B2A3E94C600BE345C /* XCRemoteSwiftPackageReference "firebase-ios-sdk" */;
			productName = FirebaseFirestore;
		};
		ADBE71822A3E94C600BE345C /* FirebaseFirestoreCombine-Community */ = {
			isa = XCSwiftPackageProductDependency;
			package = ADBE717B2A3E94C600BE345C /* XCRemoteSwiftPackageReference "firebase-ios-sdk" */;
			productName = "FirebaseFirestoreCombine-Community";
		};
		ADBE71842A3E94C600BE345C /* FirebaseFirestoreSwift */ = {
			isa = XCSwiftPackageProductDependency;
			package = ADBE717B2A3E94C600BE345C /* XCRemoteSwiftPackageReference "firebase-ios-sdk" */;
			productName = FirebaseFirestoreSwift;
		};
		ADBE71862A3E94C600BE345C /* FirebaseFunctions */ = {
			isa = XCSwiftPackageProductDependency;
			package = ADBE717B2A3E94C600BE345C /* XCRemoteSwiftPackageReference "firebase-ios-sdk" */;
			productName = FirebaseFunctions;
		};
		ADBE71882A3E94C600BE345C /* FirebaseFunctionsCombine-Community */ = {
			isa = XCSwiftPackageProductDependency;
			package = ADBE717B2A3E94C600BE345C /* XCRemoteSwiftPackageReference "firebase-ios-sdk" */;
			productName = "FirebaseFunctionsCombine-Community";
		};
/* End XCSwiftPackageProductDependency section */
	};
	rootObject = ADBE71442A3549D900BE345C /* Project object */;
}
